
Microsoft Visual Studio Solution File, Format Version 12.00
# Visual Studio Version 17
VisualStudioVersion = 17.5.002.0
MinimumVisualStudioVersion = 10.0.40219.1
Project("{2150E333-8FDC-42A3-9474-1A3956D46DE8}") = "day-01", "day-01", "{FF8C82A8-A54B-4A76-BBC1-8CA78261E4D2}"
EndProject
Project("{9A19103F-16F7-4668-BE54-9A1E7A4F7556}") = "app", "day-01\part-1\app.csproj", "{6619EF83-2E28-4481-9A14-B13CD8F9F62D}"
EndProject
Project("{9A19103F-16F7-4668-BE54-9A1E7A4F7556}") = "app (1)", "day-01\part-2\app.csproj", "{CF4C0A3D-BF9D-4396-9A08-E9103E74B442}"
EndProject
Project("{2150E333-8FDC-42A3-9474-1A3956D46DE8}") = "day-02", "day-02", "{38E41DFA-E28A-4297-B6FF-8BEAA3B38963}"
EndProject
Project("{9A19103F-16F7-4668-BE54-9A1E7A4F7556}") = "app", "day-02\part-1\app.csproj", "{A4661360-9570-4869-96AD-7B6E79776019}"
EndProject
Project("{9A19103F-16F7-4668-BE54-9A1E7A4F7556}") = "app (1)", "day-02\part-2\app.csproj", "{B04154FB-F389-4EE7-B260-D15A9622F0F1}"
EndProject
Project("{2150E333-8FDC-42A3-9474-1A3956D46DE8}") = "day-03", "day-03", "{48319A96-69BF-4E32-842C-AA079932D617}"
EndProject
Project("{9A19103F-16F7-4668-BE54-9A1E7A4F7556}") = "app", "day-03\part-1\app.csproj", "{080B20C6-F1A8-4698-A63C-5288CBFE0D41}"
EndProject
Project("{9A19103F-16F7-4668-BE54-9A1E7A4F7556}") = "app (1)", "day-03\part-2\app.csproj", "{A7AB472E-2851-4336-8F55-A9FB4C5DB2E7}"
EndProject
Global
	GlobalSection(SolutionConfigurationPlatforms) = preSolution
		Debug|Any CPU = Debug|Any CPU
		Release|Any CPU = Release|Any CPU
	EndGlobalSection
	GlobalSection(ProjectConfigurationPlatforms) = postSolution
		{6619EF83-2E28-4481-9A14-B13CD8F9F62D}.Debug|Any CPU.ActiveCfg = Debug|Any CPU
		{6619EF83-2E28-4481-9A14-B13CD8F9F62D}.Debug|Any CPU.Build.0 = Debug|Any CPU
		{6619EF83-2E28-4481-9A14-B13CD8F9F62D}.Release|Any CPU.ActiveCfg = Release|Any CPU
		{6619EF83-2E28-4481-9A14-B13CD8F9F62D}.Release|Any CPU.Build.0 = Release|Any CPU
		{CF4C0A3D-BF9D-4396-9A08-E9103E74B442}.Debug|Any CPU.ActiveCfg = Debug|Any CPU
		{CF4C0A3D-BF9D-4396-9A08-E9103E74B442}.Debug|Any CPU.Build.0 = Debug|Any CPU
		{CF4C0A3D-BF9D-4396-9A08-E9103E74B442}.Release|Any CPU.ActiveCfg = Release|Any CPU
		{CF4C0A3D-BF9D-4396-9A08-E9103E74B442}.Release|Any CPU.Build.0 = Release|Any CPU
		{A4661360-9570-4869-96AD-7B6E79776019}.Debug|Any CPU.ActiveCfg = Debug|Any CPU
		{A4661360-9570-4869-96AD-7B6E79776019}.Debug|Any CPU.Build.0 = Debug|Any CPU
		{A4661360-9570-4869-96AD-7B6E79776019}.Release|Any CPU.ActiveCfg = Release|Any CPU
		{A4661360-9570-4869-96AD-7B6E79776019}.Release|Any CPU.Build.0 = Release|Any CPU
		{B04154FB-F389-4EE7-B260-D15A9622F0F1}.Debug|Any CPU.ActiveCfg = Debug|Any CPU
		{B04154FB-F389-4EE7-B260-D15A9622F0F1}.Debug|Any CPU.Build.0 = Debug|Any CPU
		{B04154FB-F389-4EE7-B260-D15A9622F0F1}.Release|Any CPU.ActiveCfg = Release|Any CPU
		{B04154FB-F389-4EE7-B260-D15A9622F0F1}.Release|Any CPU.Build.0 = Release|Any CPU
		{080B20C6-F1A8-4698-A63C-5288CBFE0D41}.Debug|Any CPU.ActiveCfg = Debug|Any CPU
		{080B20C6-F1A8-4698-A63C-5288CBFE0D41}.Debug|Any CPU.Build.0 = Debug|Any CPU
		{080B20C6-F1A8-4698-A63C-5288CBFE0D41}.Release|Any CPU.ActiveCfg = Release|Any CPU
		{080B20C6-F1A8-4698-A63C-5288CBFE0D41}.Release|Any CPU.Build.0 = Release|Any CPU
		{A7AB472E-2851-4336-8F55-A9FB4C5DB2E7}.Debug|Any CPU.ActiveCfg = Debug|Any CPU
		{A7AB472E-2851-4336-8F55-A9FB4C5DB2E7}.Debug|Any CPU.Build.0 = Debug|Any CPU
		{A7AB472E-2851-4336-8F55-A9FB4C5DB2E7}.Release|Any CPU.ActiveCfg = Release|Any CPU
		{A7AB472E-2851-4336-8F55-A9FB4C5DB2E7}.Release|Any CPU.Build.0 = Release|Any CPU
	EndGlobalSection
	GlobalSection(SolutionProperties) = preSolution
		HideSolutionNode = FALSE
	EndGlobalSection
	GlobalSection(NestedProjects) = preSolution
		{6619EF83-2E28-4481-9A14-B13CD8F9F62D} = {FF8C82A8-A54B-4A76-BBC1-8CA78261E4D2}
		{CF4C0A3D-BF9D-4396-9A08-E9103E74B442} = {FF8C82A8-A54B-4A76-BBC1-8CA78261E4D2}
		{A4661360-9570-4869-96AD-7B6E79776019} = {38E41DFA-E28A-4297-B6FF-8BEAA3B38963}
		{B04154FB-F389-4EE7-B260-D15A9622F0F1} = {38E41DFA-E28A-4297-B6FF-8BEAA3B38963}
		{080B20C6-F1A8-4698-A63C-5288CBFE0D41} = {48319A96-69BF-4E32-842C-AA079932D617}
		{A7AB472E-2851-4336-8F55-A9FB4C5DB2E7} = {48319A96-69BF-4E32-842C-AA079932D617}
	EndGlobalSection
	GlobalSection(ExtensibilityGlobals) = postSolution
		SolutionGuid = {A0565667-5B81-41F0-907C-BE6613287F28}
	EndGlobalSection
EndGlobal
