
Microsoft Visual Studio Solution File, Format Version 12.00
# Visual Studio Version 17
VisualStudioVersion = 17.5.002.0
MinimumVisualStudioVersion = 10.0.40219.1
Project("{9A19103F-16F7-4668-BE54-9A1E7A4F7556}") = "app", "part-1\app.csproj", "{2533C6E4-F51E-466B-9406-6B561D420EDB}"
EndProject
Project("{9A19103F-16F7-4668-BE54-9A1E7A4F7556}") = "app (1)", "part-2\app.csproj", "{243BF8F1-4CEF-4739-9D90-1BCB7D4B4E7E}"
EndProject
Global
	GlobalSection(SolutionConfigurationPlatforms) = preSolution
		Debug|Any CPU = Debug|Any CPU
		Release|Any CPU = Release|Any CPU
	EndGlobalSection
	GlobalSection(ProjectConfigurationPlatforms) = postSolution
		{2533C6E4-F51E-466B-9406-6B561D420EDB}.Debug|Any CPU.ActiveCfg = Debug|Any CPU
		{2533C6E4-F51E-466B-9406-6B561D420EDB}.Debug|Any CPU.Build.0 = Debug|Any CPU
		{2533C6E4-F51E-466B-9406-6B561D420EDB}.Release|Any CPU.ActiveCfg = Release|Any CPU
		{2533C6E4-F51E-466B-9406-6B561D420EDB}.Release|Any CPU.Build.0 = Release|Any CPU
		{243BF8F1-4CEF-4739-9D90-1BCB7D4B4E7E}.Debug|Any CPU.ActiveCfg = Debug|Any CPU
		{243BF8F1-4CEF-4739-9D90-1BCB7D4B4E7E}.Debug|Any CPU.Build.0 = Debug|Any CPU
		{243BF8F1-4CEF-4739-9D90-1BCB7D4B4E7E}.Release|Any CPU.ActiveCfg = Release|Any CPU
		{243BF8F1-4CEF-4739-9D90-1BCB7D4B4E7E}.Release|Any CPU.Build.0 = Release|Any CPU
	EndGlobalSection
	GlobalSection(SolutionProperties) = preSolution
		HideSolutionNode = FALSE
	EndGlobalSection
	GlobalSection(ExtensibilityGlobals) = postSolution
		SolutionGuid = {EE8CF4E9-2CF9-4AA6-BD8C-1A1384385120}
	EndGlobalSection
EndGlobal
